
Microsoft Visual Studio Solution File, Format Version 12.00
# Visual Studio 15
VisualStudioVersion = 15.0.26430.14
Project("{F2A71F9B-5D33-465A-A702-920D77279786}") = "FSDN", "src\FSDN\FSDN.fsproj", "{F4DC2D27-5813-479A-A7CA-F1D8A6CF792D}"
EndProject
Project("{F2A71F9B-5D33-465A-A702-920D77279786}") = "FSDN.Tests", "tests\FSDN.Tests\FSDN.Tests.fsproj", "{0EF378C3-28C6-45C3-9599-C748B906CA14}"
EndProject
Project("{F2A71F9B-5D33-465A-A702-920D77279786}") = "FSDN.Package", "src\FSDN.Package\FSDN.Package.fsproj", "{52E5CC20-CD00-4C62-8AB9-7A80C4D78C19}"
EndProject
Global
	GlobalSection(SolutionConfigurationPlatforms) = preSolution
		Debug|Any CPU = Debug|Any CPU
		Release|Any CPU = Release|Any CPU
	EndGlobalSection
	GlobalSection(ProjectConfigurationPlatforms) = postSolution
		{F4DC2D27-5813-479A-A7CA-F1D8A6CF792D}.Debug|Any CPU.ActiveCfg = Debug|Any CPU
		{F4DC2D27-5813-479A-A7CA-F1D8A6CF792D}.Debug|Any CPU.Build.0 = Debug|Any CPU
		{F4DC2D27-5813-479A-A7CA-F1D8A6CF792D}.Release|Any CPU.ActiveCfg = Release|Any CPU
		{F4DC2D27-5813-479A-A7CA-F1D8A6CF792D}.Release|Any CPU.Build.0 = Release|Any CPU
		{0EF378C3-28C6-45C3-9599-C748B906CA14}.Debug|Any CPU.ActiveCfg = Debug|Any CPU
		{0EF378C3-28C6-45C3-9599-C748B906CA14}.Debug|Any CPU.Build.0 = Debug|Any CPU
		{0EF378C3-28C6-45C3-9599-C748B906CA14}.Release|Any CPU.ActiveCfg = Release|Any CPU
		{0EF378C3-28C6-45C3-9599-C748B906CA14}.Release|Any CPU.Build.0 = Release|Any CPU
		{52E5CC20-CD00-4C62-8AB9-7A80C4D78C19}.Debug|Any CPU.ActiveCfg = Debug|Any CPU
		{52E5CC20-CD00-4C62-8AB9-7A80C4D78C19}.Debug|Any CPU.Build.0 = Debug|Any CPU
		{52E5CC20-CD00-4C62-8AB9-7A80C4D78C19}.Release|Any CPU.ActiveCfg = Release|Any CPU
		{52E5CC20-CD00-4C62-8AB9-7A80C4D78C19}.Release|Any CPU.Build.0 = Release|Any CPU
	EndGlobalSection
	GlobalSection(SolutionProperties) = preSolution
		HideSolutionNode = FALSE
	EndGlobalSection
EndGlobal
